
Microsoft Visual Studio Solution File, Format Version 12.00
# Visual Studio Version 17
VisualStudioVersion = 17.0.31903.59
MinimumVisualStudioVersion = 10.0.40219.1
Project("{9A19103F-16F7-4668-BE54-9A1E7A4F7556}") = "MultiPlayerLobbyGame.API", "MultiPlayerLobbyGame.API\MultiPlayerLobbyGame.API.csproj", "{3D4E7FD8-D681-4DB3-B34A-E82A63387717}"
EndProject
Project("{9A19103F-16F7-4668-BE54-9A1E7A4F7556}") = "MultiPlayerLobbyGame.Service", "MultiPlayerLobbyGame.Service\MultiPlayerLobbyGame.Service.csproj", "{A3E936F9-9412-4234-98CE-F9A69C26A658}"
EndProject
Project("{9A19103F-16F7-4668-BE54-9A1E7A4F7556}") = "MultiPlayerLobbyGame.Share", "MultiPlayerLobbyGame.Share\MultiPlayerLobbyGame.Share.csproj", "{92151488-39D5-4EC8-8765-1C12A35178FC}"
EndProject
Project("{9A19103F-16F7-4668-BE54-9A1E7A4F7556}") = "MultiPlayerLobbyGame.Contracts", "MultiPlayerLobbyGame.Contracts\MultiPlayerLobbyGame.Contracts.csproj", "{986D2C83-E61C-449B-BC20-B5F2670EF97D}"
EndProject
Project("{2150E333-8FDC-42A3-9474-1A3956D46DE8}") = "Docker", "Docker", "{CA58193A-FECC-4961-BF42-21A92C72020C}"
	ProjectSection(SolutionItems) = preProject
		docker-compose.yml = docker-compose.yml
		dockerfile = dockerfile
	EndProjectSection
EndProject
Global
	GlobalSection(SolutionConfigurationPlatforms) = preSolution
		Debug|Any CPU = Debug|Any CPU
		Release|Any CPU = Release|Any CPU
	EndGlobalSection
	GlobalSection(ProjectConfigurationPlatforms) = postSolution
		{3D4E7FD8-D681-4DB3-B34A-E82A63387717}.Debug|Any CPU.ActiveCfg = Debug|Any CPU
		{3D4E7FD8-D681-4DB3-B34A-E82A63387717}.Debug|Any CPU.Build.0 = Debug|Any CPU
		{3D4E7FD8-D681-4DB3-B34A-E82A63387717}.Release|Any CPU.ActiveCfg = Release|Any CPU
		{3D4E7FD8-D681-4DB3-B34A-E82A63387717}.Release|Any CPU.Build.0 = Release|Any CPU
		{A3E936F9-9412-4234-98CE-F9A69C26A658}.Debug|Any CPU.ActiveCfg = Debug|Any CPU
		{A3E936F9-9412-4234-98CE-F9A69C26A658}.Debug|Any CPU.Build.0 = Debug|Any CPU
		{A3E936F9-9412-4234-98CE-F9A69C26A658}.Release|Any CPU.ActiveCfg = Release|Any CPU
		{A3E936F9-9412-4234-98CE-F9A69C26A658}.Release|Any CPU.Build.0 = Release|Any CPU
		{92151488-39D5-4EC8-8765-1C12A35178FC}.Debug|Any CPU.ActiveCfg = Debug|Any CPU
		{92151488-39D5-4EC8-8765-1C12A35178FC}.Debug|Any CPU.Build.0 = Debug|Any CPU
		{92151488-39D5-4EC8-8765-1C12A35178FC}.Release|Any CPU.ActiveCfg = Release|Any CPU
		{92151488-39D5-4EC8-8765-1C12A35178FC}.Release|Any CPU.Build.0 = Release|Any CPU
		{986D2C83-E61C-449B-BC20-B5F2670EF97D}.Debug|Any CPU.ActiveCfg = Debug|Any CPU
		{986D2C83-E61C-449B-BC20-B5F2670EF97D}.Debug|Any CPU.Build.0 = Debug|Any CPU
		{986D2C83-E61C-449B-BC20-B5F2670EF97D}.Release|Any CPU.ActiveCfg = Release|Any CPU
		{986D2C83-E61C-449B-BC20-B5F2670EF97D}.Release|Any CPU.Build.0 = Release|Any CPU
	EndGlobalSection
	GlobalSection(SolutionProperties) = preSolution
		HideSolutionNode = FALSE
	EndGlobalSection
EndGlobal
